// !$*UTF8*$!
{
	archiveVersion = 1;
	classes = {
	};
	objectVersion = 56;
	objects = {

/* Begin PBXBuildFile section */
		500DC0302BEA90E500FB2ADD /* AppDelegate.swift in Sources */ = {isa = PBXBuildFile; fileRef = 500DC02F2BEA90E500FB2ADD /* AppDelegate.swift */; };
		500DC0322BEA90E500FB2ADD /* SceneDelegate.swift in Sources */ = {isa = PBXBuildFile; fileRef = 500DC0312BEA90E500FB2ADD /* SceneDelegate.swift */; };
		500DC0342BEA90E500FB2ADD /* ViewController.swift in Sources */ = {isa = PBXBuildFile; fileRef = 500DC0332BEA90E500FB2ADD /* ViewController.swift */; };
		500DC0372BEA90E500FB2ADD /* Base in Resources */ = {isa = PBXBuildFile; fileRef = 500DC0362BEA90E500FB2ADD /* Base */; };
		500DC0392BEA90E600FB2ADD /* Assets.xcassets in Resources */ = {isa = PBXBuildFile; fileRef = 500DC0382BEA90E600FB2ADD /* Assets.xcassets */; };
		500DC03C2BEA90E600FB2ADD /* Base in Resources */ = {isa = PBXBuildFile; fileRef = 500DC03B2BEA90E600FB2ADD /* Base */; };
		500DC06A2BEA939500FB2ADD /* nssl0033.jpg in Resources */ = {isa = PBXBuildFile; fileRef = 500DC05F2BEA939500FB2ADD /* nssl0033.jpg */; };
		500DC06B2BEA939500FB2ADD /* nssl0034.jpg in Resources */ = {isa = PBXBuildFile; fileRef = 500DC0602BEA939500FB2ADD /* nssl0034.jpg */; };
		500DC06C2BEA939500FB2ADD /* nssl0041.jpg in Resources */ = {isa = PBXBuildFile; fileRef = 500DC0612BEA939500FB2ADD /* nssl0041.jpg */; };
		500DC06D2BEA939500FB2ADD /* nssl0042.jpg in Resources */ = {isa = PBXBuildFile; fileRef = 500DC0622BEA939500FB2ADD /* nssl0042.jpg */; };
		500DC06E2BEA939500FB2ADD /* nssl0043.jpg in Resources */ = {isa = PBXBuildFile; fileRef = 500DC0632BEA939500FB2ADD /* nssl0043.jpg */; };
		500DC06F2BEA939500FB2ADD /* nssl0045.jpg in Resources */ = {isa = PBXBuildFile; fileRef = 500DC0642BEA939500FB2ADD /* nssl0045.jpg */; };
		500DC0702BEA939500FB2ADD /* nssl0046.jpg in Resources */ = {isa = PBXBuildFile; fileRef = 500DC0652BEA939500FB2ADD /* nssl0046.jpg */; };
		500DC0712BEA939500FB2ADD /* nssl0049.jpg in Resources */ = {isa = PBXBuildFile; fileRef = 500DC0662BEA939500FB2ADD /* nssl0049.jpg */; };
		500DC0722BEA939500FB2ADD /* nssl0051.jpg in Resources */ = {isa = PBXBuildFile; fileRef = 500DC0672BEA939500FB2ADD /* nssl0051.jpg */; };
		500DC0732BEA939500FB2ADD /* nssl0091.jpg in Resources */ = {isa = PBXBuildFile; fileRef = 500DC0682BEA939500FB2ADD /* nssl0091.jpg */; };
		500DC0752BF1257800FB2ADD /* DetailViewController.swift in Sources */ = {isa = PBXBuildFile; fileRef = 500DC0742BF1257800FB2ADD /* DetailViewController.swift */; };
/* End PBXBuildFile section */

/* Begin PBXContainerItemProxy section */
		500DC0432BEA90E600FB2ADD /* PBXContainerItemProxy */ = {
			isa = PBXContainerItemProxy;
			containerPortal = 500DC0242BEA90E500FB2ADD /* Project object */;
			proxyType = 1;
			remoteGlobalIDString = 500DC02B2BEA90E500FB2ADD;
			remoteInfo = "Project One";
		};
		500DC04D2BEA90E700FB2ADD /* PBXContainerItemProxy */ = {
			isa = PBXContainerItemProxy;
			containerPortal = 500DC0242BEA90E500FB2ADD /* Project object */;
			proxyType = 1;
			remoteGlobalIDString = 500DC02B2BEA90E500FB2ADD;
			remoteInfo = "Project One";
		};
/* End PBXContainerItemProxy section */

/* Begin PBXFileReference section */
		500DC02C2BEA90E500FB2ADD /* Project One.app */ = {isa = PBXFileReference; explicitFileType = wrapper.application; includeInIndex = 0; path = "Project One.app"; sourceTree = BUILT_PRODUCTS_DIR; };
		500DC02F2BEA90E500FB2ADD /* AppDelegate.swift */ = {isa = PBXFileReference; lastKnownFileType = sourcecode.swift; path = AppDelegate.swift; sourceTree = "<group>"; };
		500DC0312BEA90E500FB2ADD /* SceneDelegate.swift */ = {isa = PBXFileReference; lastKnownFileType = sourcecode.swift; path = SceneDelegate.swift; sourceTree = "<group>"; };
		500DC0332BEA90E500FB2ADD /* ViewController.swift */ = {isa = PBXFileReference; lastKnownFileType = sourcecode.swift; path = ViewController.swift; sourceTree = "<group>"; };
		500DC0362BEA90E500FB2ADD /* Base */ = {isa = PBXFileReference; lastKnownFileType = file.storyboard; name = Base; path = Base.lproj/Main.storyboard; sourceTree = "<group>"; };
		500DC0382BEA90E600FB2ADD /* Assets.xcassets */ = {isa = PBXFileReference; lastKnownFileType = folder.assetcatalog; path = Assets.xcassets; sourceTree = "<group>"; };
		500DC03B2BEA90E600FB2ADD /* Base */ = {isa = PBXFileReference; lastKnownFileType = file.storyboard; name = Base; path = Base.lproj/LaunchScreen.storyboard; sourceTree = "<group>"; };
		500DC03D2BEA90E600FB2ADD /* Info.plist */ = {isa = PBXFileReference; lastKnownFileType = text.plist.xml; path = Info.plist; sourceTree = "<group>"; };
		500DC0422BEA90E600FB2ADD /* Project OneTests.xctest */ = {isa = PBXFileReference; explicitFileType = wrapper.cfbundle; includeInIndex = 0; path = "Project OneTests.xctest"; sourceTree = BUILT_PRODUCTS_DIR; };
		500DC04C2BEA90E700FB2ADD /* Project OneUITests.xctest */ = {isa = PBXFileReference; explicitFileType = wrapper.cfbundle; includeInIndex = 0; path = "Project OneUITests.xctest"; sourceTree = BUILT_PRODUCTS_DIR; };
		500DC05F2BEA939500FB2ADD /* nssl0033.jpg */ = {isa = PBXFileReference; lastKnownFileType = image.jpeg; path = nssl0033.jpg; sourceTree = "<group>"; };
		500DC0602BEA939500FB2ADD /* nssl0034.jpg */ = {isa = PBXFileReference; lastKnownFileType = image.jpeg; path = nssl0034.jpg; sourceTree = "<group>"; };
		500DC0612BEA939500FB2ADD /* nssl0041.jpg */ = {isa = PBXFileReference; lastKnownFileType = image.jpeg; path = nssl0041.jpg; sourceTree = "<group>"; };
		500DC0622BEA939500FB2ADD /* nssl0042.jpg */ = {isa = PBXFileReference; lastKnownFileType = image.jpeg; path = nssl0042.jpg; sourceTree = "<group>"; };
		500DC0632BEA939500FB2ADD /* nssl0043.jpg */ = {isa = PBXFileReference; lastKnownFileType = image.jpeg; path = nssl0043.jpg; sourceTree = "<group>"; };
		500DC0642BEA939500FB2ADD /* nssl0045.jpg */ = {isa = PBXFileReference; lastKnownFileType = image.jpeg; path = nssl0045.jpg; sourceTree = "<group>"; };
		500DC0652BEA939500FB2ADD /* nssl0046.jpg */ = {isa = PBXFileReference; lastKnownFileType = image.jpeg; path = nssl0046.jpg; sourceTree = "<group>"; };
		500DC0662BEA939500FB2ADD /* nssl0049.jpg */ = {isa = PBXFileReference; lastKnownFileType = image.jpeg; path = nssl0049.jpg; sourceTree = "<group>"; };
		500DC0672BEA939500FB2ADD /* nssl0051.jpg */ = {isa = PBXFileReference; lastKnownFileType = image.jpeg; path = nssl0051.jpg; sourceTree = "<group>"; };
		500DC0682BEA939500FB2ADD /* nssl0091.jpg */ = {isa = PBXFileReference; lastKnownFileType = image.jpeg; path = nssl0091.jpg; sourceTree = "<group>"; };
		500DC0742BF1257800FB2ADD /* DetailViewController.swift */ = {isa = PBXFileReference; lastKnownFileType = sourcecode.swift; path = DetailViewController.swift; sourceTree = "<group>"; };
/* End PBXFileReference section */

/* Begin PBXFrameworksBuildPhase section */
		500DC0292BEA90E500FB2ADD /* Frameworks */ = {
			isa = PBXFrameworksBuildPhase;
			buildActionMask = 2147483647;
			files = (
			);
			runOnlyForDeploymentPostprocessing = 0;
		};
		500DC03F2BEA90E600FB2ADD /* Frameworks */ = {
			isa = PBXFrameworksBuildPhase;
			buildActionMask = 2147483647;
			files = (
			);
			runOnlyForDeploymentPostprocessing = 0;
		};
		500DC0492BEA90E700FB2ADD /* Frameworks */ = {
			isa = PBXFrameworksBuildPhase;
			buildActionMask = 2147483647;
			files = (
			);
			runOnlyForDeploymentPostprocessing = 0;
		};
/* End PBXFrameworksBuildPhase section */

/* Begin PBXGroup section */
		500DC0232BEA90E500FB2ADD = {
			isa = PBXGroup;
			children = (
				500DC02E2BEA90E500FB2ADD /* Project One */,
				500DC02D2BEA90E500FB2ADD /* Products */,
			);
			sourceTree = "<group>";
		};
		500DC02D2BEA90E500FB2ADD /* Products */ = {
			isa = PBXGroup;
			children = (
				500DC02C2BEA90E500FB2ADD /* Project One.app */,
				500DC0422BEA90E600FB2ADD /* Project OneTests.xctest */,
				500DC04C2BEA90E700FB2ADD /* Project OneUITests.xctest */,
			);
			name = Products;
			sourceTree = "<group>";
		};
		500DC02E2BEA90E500FB2ADD /* Project One */ = {
			isa = PBXGroup;
			children = (
				500DC02F2BEA90E500FB2ADD /* AppDelegate.swift */,
				500DC0312BEA90E500FB2ADD /* SceneDelegate.swift */,
				500DC0332BEA90E500FB2ADD /* ViewController.swift */,
				500DC0742BF1257800FB2ADD /* DetailViewController.swift */,
				500DC0352BEA90E500FB2ADD /* Main.storyboard */,
				500DC0382BEA90E600FB2ADD /* Assets.xcassets */,
				500DC03A2BEA90E600FB2ADD /* LaunchScreen.storyboard */,
				500DC03D2BEA90E600FB2ADD /* Info.plist */,
				500DC0692BEA939500FB2ADD /* Content */,
			);
			path = "Project One";
			sourceTree = "<group>";
		};
		500DC0692BEA939500FB2ADD /* Content */ = {
			isa = PBXGroup;
			children = (
				500DC05F2BEA939500FB2ADD /* nssl0033.jpg */,
				500DC0602BEA939500FB2ADD /* nssl0034.jpg */,
				500DC0612BEA939500FB2ADD /* nssl0041.jpg */,
				500DC0622BEA939500FB2ADD /* nssl0042.jpg */,
				500DC0632BEA939500FB2ADD /* nssl0043.jpg */,
				500DC0642BEA939500FB2ADD /* nssl0045.jpg */,
				500DC0652BEA939500FB2ADD /* nssl0046.jpg */,
				500DC0662BEA939500FB2ADD /* nssl0049.jpg */,
				500DC0672BEA939500FB2ADD /* nssl0051.jpg */,
				500DC0682BEA939500FB2ADD /* nssl0091.jpg */,
			);
			path = Content;
			sourceTree = "<group>";
		};
/* End PBXGroup section */

/* Begin PBXNativeTarget section */
		500DC02B2BEA90E500FB2ADD /* Project One */ = {
			isa = PBXNativeTarget;
			buildConfigurationList = 500DC0562BEA90E700FB2ADD /* Build configuration list for PBXNativeTarget "Project One" */;
			buildPhases = (
				500DC0282BEA90E500FB2ADD /* Sources */,
				500DC0292BEA90E500FB2ADD /* Frameworks */,
				500DC02A2BEA90E500FB2ADD /* Resources */,
			);
			buildRules = (
			);
			dependencies = (
			);
			name = "Project One";
			productName = "Project One";
			productReference = 500DC02C2BEA90E500FB2ADD /* Project One.app */;
			productType = "com.apple.product-type.application";
		};
		500DC0412BEA90E600FB2ADD /* Project OneTests */ = {
			isa = PBXNativeTarget;
			buildConfigurationList = 500DC0592BEA90E700FB2ADD /* Build configuration list for PBXNativeTarget "Project OneTests" */;
			buildPhases = (
				500DC03E2BEA90E600FB2ADD /* Sources */,
				500DC03F2BEA90E600FB2ADD /* Frameworks */,
				500DC0402BEA90E600FB2ADD /* Resources */,
			);
			buildRules = (
			);
			dependencies = (
				500DC0442BEA90E600FB2ADD /* PBXTargetDependency */,
			);
			name = "Project OneTests";
			productName = "Project OneTests";
			productReference = 500DC0422BEA90E600FB2ADD /* Project OneTests.xctest */;
			productType = "com.apple.product-type.bundle.unit-test";
		};
		500DC04B2BEA90E700FB2ADD /* Project OneUITests */ = {
			isa = PBXNativeTarget;
			buildConfigurationList = 500DC05C2BEA90E700FB2ADD /* Build configuration list for PBXNativeTarget "Project OneUITests" */;
			buildPhases = (
				500DC0482BEA90E700FB2ADD /* Sources */,
				500DC0492BEA90E700FB2ADD /* Frameworks */,
				500DC04A2BEA90E700FB2ADD /* Resources */,
			);
			buildRules = (
			);
			dependencies = (
				500DC04E2BEA90E700FB2ADD /* PBXTargetDependency */,
			);
			name = "Project OneUITests";
			productName = "Project OneUITests";
			productReference = 500DC04C2BEA90E700FB2ADD /* Project OneUITests.xctest */;
			productType = "com.apple.product-type.bundle.ui-testing";
		};
/* End PBXNativeTarget section */

/* Begin PBXProject section */
		500DC0242BEA90E500FB2ADD /* Project object */ = {
			isa = PBXProject;
			attributes = {
				BuildIndependentTargetsInParallel = 1;
				LastSwiftUpdateCheck = 1530;
				LastUpgradeCheck = 1530;
				TargetAttributes = {
					500DC02B2BEA90E500FB2ADD = {
						CreatedOnToolsVersion = 15.3;
					};
					500DC0412BEA90E600FB2ADD = {
						CreatedOnToolsVersion = 15.3;
						TestTargetID = 500DC02B2BEA90E500FB2ADD;
					};
					500DC04B2BEA90E700FB2ADD = {
						CreatedOnToolsVersion = 15.3;
						TestTargetID = 500DC02B2BEA90E500FB2ADD;
					};
				};
			};
			buildConfigurationList = 500DC0272BEA90E500FB2ADD /* Build configuration list for PBXProject "Project One" */;
			compatibilityVersion = "Xcode 14.0";
			developmentRegion = en;
			hasScannedForEncodings = 0;
			knownRegions = (
				en,
				Base,
			);
			mainGroup = 500DC0232BEA90E500FB2ADD;
			productRefGroup = 500DC02D2BEA90E500FB2ADD /* Products */;
			projectDirPath = "";
			projectRoot = "";
			targets = (
				500DC02B2BEA90E500FB2ADD /* Project One */,
				500DC0412BEA90E600FB2ADD /* Project OneTests */,
				500DC04B2BEA90E700FB2ADD /* Project OneUITests */,
			);
		};
/* End PBXProject section */

/* Begin PBXResourcesBuildPhase section */
		500DC02A2BEA90E500FB2ADD /* Resources */ = {
			isa = PBXResourcesBuildPhase;
			buildActionMask = 2147483647;
			files = (
				500DC06B2BEA939500FB2ADD /* nssl0034.jpg in Resources */,
				500DC0722BEA939500FB2ADD /* nssl0051.jpg in Resources */,
				500DC0392BEA90E600FB2ADD /* Assets.xcassets in Resources */,
				500DC06E2BEA939500FB2ADD /* nssl0043.jpg in Resources */,
				500DC06A2BEA939500FB2ADD /* nssl0033.jpg in Resources */,
				500DC06F2BEA939500FB2ADD /* nssl0045.jpg in Resources */,
				500DC0702BEA939500FB2ADD /* nssl0046.jpg in Resources */,
				500DC0712BEA939500FB2ADD /* nssl0049.jpg in Resources */,
				500DC06D2BEA939500FB2ADD /* nssl0042.jpg in Resources */,
				500DC03C2BEA90E600FB2ADD /* Base in Resources */,
				500DC0732BEA939500FB2ADD /* nssl0091.jpg in Resources */,
				500DC06C2BEA939500FB2ADD /* nssl0041.jpg in Resources */,
				500DC0372BEA90E500FB2ADD /* Base in Resources */,
			);
			runOnlyForDeploymentPostprocessing = 0;
		};
		500DC0402BEA90E600FB2ADD /* Resources */ = {
			isa = PBXResourcesBuildPhase;
			buildActionMask = 2147483647;
			files = (
			);
			runOnlyForDeploymentPostprocessing = 0;
		};
		500DC04A2BEA90E700FB2ADD /* Resources */ = {
			isa = PBXResourcesBuildPhase;
			buildActionMask = 2147483647;
			files = (
			);
			runOnlyForDeploymentPostprocessing = 0;
		};
/* End PBXResourcesBuildPhase section */

/* Begin PBXSourcesBuildPhase section */
		500DC0282BEA90E500FB2ADD /* Sources */ = {
			isa = PBXSourcesBuildPhase;
			buildActionMask = 2147483647;
			files = (
				500DC0342BEA90E500FB2ADD /* ViewController.swift in Sources */,
				500DC0302BEA90E500FB2ADD /* AppDelegate.swift in Sources */,
				500DC0322BEA90E500FB2ADD /* SceneDelegate.swift in Sources */,
				500DC0752BF1257800FB2ADD /* DetailViewController.swift in Sources */,
			);
			runOnlyForDeploymentPostprocessing = 0;
		};
		500DC03E2BEA90E600FB2ADD /* Sources */ = {
			isa = PBXSourcesBuildPhase;
			buildActionMask = 2147483647;
			files = (
			);
			runOnlyForDeploymentPostprocessing = 0;
		};
		500DC0482BEA90E700FB2ADD /* Sources */ = {
			isa = PBXSourcesBuildPhase;
			buildActionMask = 2147483647;
			files = (
			);
			runOnlyForDeploymentPostprocessing = 0;
		};
/* End PBXSourcesBuildPhase section */

/* Begin PBXTargetDependency section */
		500DC0442BEA90E600FB2ADD /* PBXTargetDependency */ = {
			isa = PBXTargetDependency;
			target = 500DC02B2BEA90E500FB2ADD /* Project One */;
			targetProxy = 500DC0432BEA90E600FB2ADD /* PBXContainerItemProxy */;
		};
		500DC04E2BEA90E700FB2ADD /* PBXTargetDependency */ = {
			isa = PBXTargetDependency;
			target = 500DC02B2BEA90E500FB2ADD /* Project One */;
			targetProxy = 500DC04D2BEA90E700FB2ADD /* PBXContainerItemProxy */;
		};
/* End PBXTargetDependency section */

/* Begin PBXVariantGroup section */
		500DC0352BEA90E500FB2ADD /* Main.storyboard */ = {
			isa = PBXVariantGroup;
			children = (
				500DC0362BEA90E500FB2ADD /* Base */,
			);
			name = Main.storyboard;
			sourceTree = "<group>";
		};
		500DC03A2BEA90E600FB2ADD /* LaunchScreen.storyboard */ = {
			isa = PBXVariantGroup;
			children = (
				500DC03B2BEA90E600FB2ADD /* Base */,
			);
			name = LaunchScreen.storyboard;
			sourceTree = "<group>";
		};
/* End PBXVariantGroup section */

/* Begin XCBuildConfiguration section */
		500DC0542BEA90E700FB2ADD /* Debug */ = {
			isa = XCBuildConfiguration;
			buildSettings = {
				ALWAYS_SEARCH_USER_PATHS = NO;
				ASSETCATALOG_COMPILER_GENERATE_SWIFT_ASSET_SYMBOL_EXTENSIONS = YES;
				CLANG_ANALYZER_NONNULL = YES;
				CLANG_ANALYZER_NUMBER_OBJECT_CONVERSION = YES_AGGRESSIVE;
				CLANG_CXX_LANGUAGE_STANDARD = "gnu++20";
				CLANG_ENABLE_MODULES = YES;
				CLANG_ENABLE_OBJC_ARC = YES;
				CLANG_ENABLE_OBJC_WEAK = YES;
				CLANG_WARN_BLOCK_CAPTURE_AUTORELEASING = YES;
				CLANG_WARN_BOOL_CONVERSION = YES;
				CLANG_WARN_COMMA = YES;
				CLANG_WARN_CONSTANT_CONVERSION = YES;
				CLANG_WARN_DEPRECATED_OBJC_IMPLEMENTATIONS = YES;
				CLANG_WARN_DIRECT_OBJC_ISA_USAGE = YES_ERROR;
				CLANG_WARN_DOCUMENTATION_COMMENTS = YES;
				CLANG_WARN_EMPTY_BODY = YES;
				CLANG_WARN_ENUM_CONVERSION = YES;
				CLANG_WARN_INFINITE_RECURSION = YES;
				CLANG_WARN_INT_CONVERSION = YES;
				CLANG_WARN_NON_LITERAL_NULL_CONVERSION = YES;
				CLANG_WARN_OBJC_IMPLICIT_RETAIN_SELF = YES;
				CLANG_WARN_OBJC_LITERAL_CONVERSION = YES;
				CLANG_WARN_OBJC_ROOT_CLASS = YES_ERROR;
				CLANG_WARN_QUOTED_INCLUDE_IN_FRAMEWORK_HEADER = YES;
				CLANG_WARN_RANGE_LOOP_ANALYSIS = YES;
				CLANG_WARN_STRICT_PROTOTYPES = YES;
				CLANG_WARN_SUSPICIOUS_MOVE = YES;
				CLANG_WARN_UNGUARDED_AVAILABILITY = YES_AGGRESSIVE;
				CLANG_WARN_UNREACHABLE_CODE = YES;
				CLANG_WARN__DUPLICATE_METHOD_MATCH = YES;
				COPY_PHASE_STRIP = NO;
				DEBUG_INFORMATION_FORMAT = dwarf;
				ENABLE_STRICT_OBJC_MSGSEND = YES;
				ENABLE_TESTABILITY = YES;
				ENABLE_USER_SCRIPT_SANDBOXING = YES;
				GCC_C_LANGUAGE_STANDARD = gnu17;
				GCC_DYNAMIC_NO_PIC = NO;
				GCC_NO_COMMON_BLOCKS = YES;
				GCC_OPTIMIZATION_LEVEL = 0;
				GCC_PREPROCESSOR_DEFINITIONS = (
					"DEBUG=1",
					"$(inherited)",
				);
				GCC_WARN_64_TO_32_BIT_CONVERSION = YES;
				GCC_WARN_ABOUT_RETURN_TYPE = YES_ERROR;
				GCC_WARN_UNDECLARED_SELECTOR = YES;
				GCC_WARN_UNINITIALIZED_AUTOS = YES_AGGRESSIVE;
				GCC_WARN_UNUSED_FUNCTION = YES;
				GCC_WARN_UNUSED_VARIABLE = YES;
				IPHONEOS_DEPLOYMENT_TARGET = 17.4;
				LOCALIZATION_PREFERS_STRING_CATALOGS = YES;
				MTL_ENABLE_DEBUG_INFO = INCLUDE_SOURCE;
				MTL_FAST_MATH = YES;
				ONLY_ACTIVE_ARCH = YES;
				SDKROOT = iphoneos;
				SWIFT_ACTIVE_COMPILATION_CONDITIONS = "DEBUG $(inherited)";
				SWIFT_OPTIMIZATION_LEVEL = "-Onone";
			};
			name = Debug;
		};
		500DC0552BEA90E700FB2ADD /* Release */ = {
			isa = XCBuildConfiguration;
			buildSettings = {
				ALWAYS_SEARCH_USER_PATHS = NO;
				ASSETCATALOG_COMPILER_GENERATE_SWIFT_ASSET_SYMBOL_EXTENSIONS = YES;
				CLANG_ANALYZER_NONNULL = YES;
				CLANG_ANALYZER_NUMBER_OBJECT_CONVERSION = YES_AGGRESSIVE;
				CLANG_CXX_LANGUAGE_STANDARD = "gnu++20";
				CLANG_ENABLE_MODULES = YES;
				CLANG_ENABLE_OBJC_ARC = YES;
				CLANG_ENABLE_OBJC_WEAK = YES;
				CLANG_WARN_BLOCK_CAPTURE_AUTORELEASING = YES;
				CLANG_WARN_BOOL_CONVERSION = YES;
				CLANG_WARN_COMMA = YES;
				CLANG_WARN_CONSTANT_CONVERSION = YES;
				CLANG_WARN_DEPRECATED_OBJC_IMPLEMENTATIONS = YES;
				CLANG_WARN_DIRECT_OBJC_ISA_USAGE = YES_ERROR;
				CLANG_WARN_DOCUMENTATION_COMMENTS = YES;
				CLANG_WARN_EMPTY_BODY = YES;
				CLANG_WARN_ENUM_CONVERSION = YES;
				CLANG_WARN_INFINITE_RECURSION = YES;
				CLANG_WARN_INT_CONVERSION = YES;
				CLANG_WARN_NON_LITERAL_NULL_CONVERSION = YES;
				CLANG_WARN_OBJC_IMPLICIT_RETAIN_SELF = YES;
				CLANG_WARN_OBJC_LITERAL_CONVERSION = YES;
				CLANG_WARN_OBJC_ROOT_CLASS = YES_ERROR;
				CLANG_WARN_QUOTED_INCLUDE_IN_FRAMEWORK_HEADER = YES;
				CLANG_WARN_RANGE_LOOP_ANALYSIS = YES;
				CLANG_WARN_STRICT_PROTOTYPES = YES;
				CLANG_WARN_SUSPICIOUS_MOVE = YES;
				CLANG_WARN_UNGUARDED_AVAILABILITY = YES_AGGRESSIVE;
				CLANG_WARN_UNREACHABLE_CODE = YES;
				CLANG_WARN__DUPLICATE_METHOD_MATCH = YES;
				COPY_PHASE_STRIP = NO;
				DEBUG_INFORMATION_FORMAT = "dwarf-with-dsym";
				ENABLE_NS_ASSERTIONS = NO;
				ENABLE_STRICT_OBJC_MSGSEND = YES;
				ENABLE_USER_SCRIPT_SANDBOXING = YES;
				GCC_C_LANGUAGE_STANDARD = gnu17;
				GCC_NO_COMMON_BLOCKS = YES;
				GCC_WARN_64_TO_32_BIT_CONVERSION = YES;
				GCC_WARN_ABOUT_RETURN_TYPE = YES_ERROR;
				GCC_WARN_UNDECLARED_SELECTOR = YES;
				GCC_WARN_UNINITIALIZED_AUTOS = YES_AGGRESSIVE;
				GCC_WARN_UNUSED_FUNCTION = YES;
				GCC_WARN_UNUSED_VARIABLE = YES;
				IPHONEOS_DEPLOYMENT_TARGET = 17.4;
				LOCALIZATION_PREFERS_STRING_CATALOGS = YES;
				MTL_ENABLE_DEBUG_INFO = NO;
				MTL_FAST_MATH = YES;
				SDKROOT = iphoneos;
				SWIFT_COMPILATION_MODE = wholemodule;
				VALIDATE_PRODUCT = YES;
			};
			name = Release;
		};
		500DC0572BEA90E700FB2ADD /* Debug */ = {
			isa = XCBuildConfiguration;
			buildSettings = {
				ASSETCATALOG_COMPILER_APPICON_NAME = AppIcon;
				ASSETCATALOG_COMPILER_GLOBAL_ACCENT_COLOR_NAME = AccentColor;
				CODE_SIGN_STYLE = Automatic;
				CURRENT_PROJECT_VERSION = 1;
				DEVELOPMENT_TEAM = HTNYZ57Q3G;
				GENERATE_INFOPLIST_FILE = YES;
				INFOPLIST_FILE = "Project One/Info.plist";
				INFOPLIST_KEY_UIApplicationSupportsIndirectInputEvents = YES;
				INFOPLIST_KEY_UILaunchStoryboardName = LaunchScreen;
				INFOPLIST_KEY_UIMainStoryboardFile = Main;
				INFOPLIST_KEY_UISupportedInterfaceOrientations_iPad = "UIInterfaceOrientationPortrait UIInterfaceOrientationPortraitUpsideDown UIInterfaceOrientationLandscapeLeft UIInterfaceOrientationLandscapeRight";
				INFOPLIST_KEY_UISupportedInterfaceOrientations_iPhone = "UIInterfaceOrientationPortrait UIInterfaceOrientationLandscapeLeft UIInterfaceOrientationLandscapeRight";
				LD_RUNPATH_SEARCH_PATHS = (
					"$(inherited)",
					"@executable_path/Frameworks",
				);
				MARKETING_VERSION = 1.0;
				PRODUCT_BUNDLE_IDENTIFIER = "com.warmac.project.one.Project-One";
				PRODUCT_NAME = "$(TARGET_NAME)";
				SWIFT_EMIT_LOC_STRINGS = YES;
				SWIFT_VERSION = 5.0;
				TARGETED_DEVICE_FAMILY = "1,2";
			};
			name = Debug;
		};
		500DC0582BEA90E700FB2ADD /* Release */ = {
			isa = XCBuildConfiguration;
			buildSettings = {
				ASSETCATALOG_COMPILER_APPICON_NAME = AppIcon;
				ASSETCATALOG_COMPILER_GLOBAL_ACCENT_COLOR_NAME = AccentColor;
				CODE_SIGN_STYLE = Automatic;
				CURRENT_PROJECT_VERSION = 1;
				DEVELOPMENT_TEAM = HTNYZ57Q3G;
				GENERATE_INFOPLIST_FILE = YES;
				INFOPLIST_FILE = "Project One/Info.plist";
				INFOPLIST_KEY_UIApplicationSupportsIndirectInputEvents = YES;
				INFOPLIST_KEY_UILaunchStoryboardName = LaunchScreen;
				INFOPLIST_KEY_UIMainStoryboardFile = Main;
				INFOPLIST_KEY_UISupportedInterfaceOrientations_iPad = "UIInterfaceOrientationPortrait UIInterfaceOrientationPortraitUpsideDown UIInterfaceOrientationLandscapeLeft UIInterfaceOrientationLandscapeRight";
				INFOPLIST_KEY_UISupportedInterfaceOrientations_iPhone = "UIInterfaceOrientationPortrait UIInterfaceOrientationLandscapeLeft UIInterfaceOrientationLandscapeRight";
				LD_RUNPATH_SEARCH_PATHS = (
					"$(inherited)",
					"@executable_path/Frameworks",
				);
				MARKETING_VERSION = 1.0;
				PRODUCT_BUNDLE_IDENTIFIER = "com.warmac.project.one.Project-One";
				PRODUCT_NAME = "$(TARGET_NAME)";
				SWIFT_EMIT_LOC_STRINGS = YES;
				SWIFT_VERSION = 5.0;
				TARGETED_DEVICE_FAMILY = "1,2";
			};
			name = Release;
		};
		500DC05A2BEA90E700FB2ADD /* Debug */ = {
			isa = XCBuildConfiguration;
			buildSettings = {
				ALWAYS_EMBED_SWIFT_STANDARD_LIBRARIES = YES;
				BUNDLE_LOADER = "$(TEST_HOST)";
				CODE_SIGN_STYLE = Automatic;
				CURRENT_PROJECT_VERSION = 1;
				DEVELOPMENT_TEAM = HTNYZ57Q3G;
				GENERATE_INFOPLIST_FILE = YES;
				IPHONEOS_DEPLOYMENT_TARGET = 17.4;
				MARKETING_VERSION = 1.0;
				PRODUCT_BUNDLE_IDENTIFIER = "com.warmac.project.one.Project-OneTests";
				PRODUCT_NAME = "$(TARGET_NAME)";
				SWIFT_EMIT_LOC_STRINGS = NO;
				SWIFT_VERSION = 5.0;
				TARGETED_DEVICE_FAMILY = "1,2";
				TEST_HOST = "$(BUILT_PRODUCTS_DIR)/Project One.app/$(BUNDLE_EXECUTABLE_FOLDER_PATH)/Project One";
			};
			name = Debug;
		};
		500DC05B2BEA90E700FB2ADD /* Release */ = {
			isa = XCBuildConfiguration;
			buildSettings = {
				ALWAYS_EMBED_SWIFT_STANDARD_LIBRARIES = YES;
				BUNDLE_LOADER = "$(TEST_HOST)";
				CODE_SIGN_STYLE = Automatic;
				CURRENT_PROJECT_VERSION = 1;
				DEVELOPMENT_TEAM = HTNYZ57Q3G;
				GENERATE_INFOPLIST_FILE = YES;
				IPHONEOS_DEPLOYMENT_TARGET = 17.4;
				MARKETING_VERSION = 1.0;
				PRODUCT_BUNDLE_IDENTIFIER = "com.warmac.project.one.Project-OneTests";
				PRODUCT_NAME = "$(TARGET_NAME)";
				SWIFT_EMIT_LOC_STRINGS = NO;
				SWIFT_VERSION = 5.0;
				TARGETED_DEVICE_FAMILY = "1,2";
				TEST_HOST = "$(BUILT_PRODUCTS_DIR)/Project One.app/$(BUNDLE_EXECUTABLE_FOLDER_PATH)/Project One";
			};
			name = Release;
		};
		500DC05D2BEA90E700FB2ADD /* Debug */ = {
			isa = XCBuildConfiguration;
			buildSettings = {
				ALWAYS_EMBED_SWIFT_STANDARD_LIBRARIES = YES;
				CODE_SIGN_STYLE = Automatic;
				CURRENT_PROJECT_VERSION = 1;
				DEVELOPMENT_TEAM = HTNYZ57Q3G;
				GENERATE_INFOPLIST_FILE = YES;
				MARKETING_VERSION = 1.0;
				PRODUCT_BUNDLE_IDENTIFIER = "com.warmac.project.one.Project-OneUITests";
				PRODUCT_NAME = "$(TARGET_NAME)";
				SWIFT_EMIT_LOC_STRINGS = NO;
				SWIFT_VERSION = 5.0;
				TARGETED_DEVICE_FAMILY = "1,2";
				TEST_TARGET_NAME = "Project One";
			};
			name = Debug;
		};
		500DC05E2BEA90E700FB2ADD /* Release */ = {
			isa = XCBuildConfiguration;
			buildSettings = {
				ALWAYS_EMBED_SWIFT_STANDARD_LIBRARIES = YES;
				CODE_SIGN_STYLE = Automatic;
				CURRENT_PROJECT_VERSION = 1;
				DEVELOPMENT_TEAM = HTNYZ57Q3G;
				GENERATE_INFOPLIST_FILE = YES;
				MARKETING_VERSION = 1.0;
				PRODUCT_BUNDLE_IDENTIFIER = "com.warmac.project.one.Project-OneUITests";
				PRODUCT_NAME = "$(TARGET_NAME)";
				SWIFT_EMIT_LOC_STRINGS = NO;
				SWIFT_VERSION = 5.0;
				TARGETED_DEVICE_FAMILY = "1,2";
				TEST_TARGET_NAME = "Project One";
			};
			name = Release;
		};
/* End XCBuildConfiguration section */

/* Begin XCConfigurationList section */
		500DC0272BEA90E500FB2ADD /* Build configuration list for PBXProject "Project One" */ = {
			isa = XCConfigurationList;
			buildConfigurations = (
				500DC0542BEA90E700FB2ADD /* Debug */,
				500DC0552BEA90E700FB2ADD /* Release */,
			);
			defaultConfigurationIsVisible = 0;
			defaultConfigurationName = Release;
		};
		500DC0562BEA90E700FB2ADD /* Build configuration list for PBXNativeTarget "Project One" */ = {
			isa = XCConfigurationList;
			buildConfigurations = (
				500DC0572BEA90E700FB2ADD /* Debug */,
				500DC0582BEA90E700FB2ADD /* Release */,
			);
			defaultConfigurationIsVisible = 0;
			defaultConfigurationName = Release;
		};
		500DC0592BEA90E700FB2ADD /* Build configuration list for PBXNativeTarget "Project OneTests" */ = {
			isa = XCConfigurationList;
			buildConfigurations = (
				500DC05A2BEA90E700FB2ADD /* Debug */,
				500DC05B2BEA90E700FB2ADD /* Release */,
			);
			defaultConfigurationIsVisible = 0;
			defaultConfigurationName = Release;
		};
		500DC05C2BEA90E700FB2ADD /* Build configuration list for PBXNativeTarget "Project OneUITests" */ = {
			isa = XCConfigurationList;
			buildConfigurations = (
				500DC05D2BEA90E700FB2ADD /* Debug */,
				500DC05E2BEA90E700FB2ADD /* Release */,
			);
			defaultConfigurationIsVisible = 0;
			defaultConfigurationName = Release;
		};
/* End XCConfigurationList section */
	};
	rootObject = 500DC0242BEA90E500FB2ADD /* Project object */;
}
